// !$*UTF8*$!
{
	archiveVersion = 1;
	classes = {
	};
	objectVersion = 50;
	objects = {

/* Begin PBXBuildFile section */
		2C026CD9225F947800EA1062 /* AppDelegate.swift in Sources */ = {isa = PBXBuildFile; fileRef = 2C026CD8225F947800EA1062 /* AppDelegate.swift */; };
		2C026CDB225F947800EA1062 /* ViewController.swift in Sources */ = {isa = PBXBuildFile; fileRef = 2C026CDA225F947800EA1062 /* ViewController.swift */; };
		2C026CDE225F947800EA1062 /* Main.storyboard in Resources */ = {isa = PBXBuildFile; fileRef = 2C026CDC225F947800EA1062 /* Main.storyboard */; };
		2C026CE0225F947A00EA1062 /* Assets.xcassets in Resources */ = {isa = PBXBuildFile; fileRef = 2C026CDF225F947A00EA1062 /* Assets.xcassets */; };
		2C026CE3225F947A00EA1062 /* LaunchScreen.storyboard in Resources */ = {isa = PBXBuildFile; fileRef = 2C026CE1225F947A00EA1062 /* LaunchScreen.storyboard */; };
		2C44F05422678118009FB091 /* AboutViewController.swift in Sources */ = {isa = PBXBuildFile; fileRef = 2C44F05322678118009FB091 /* AboutViewController.swift */; };
		2C44F056226784D4009FB091 /* AboutAuthorViewController.swift in Sources */ = {isa = PBXBuildFile; fileRef = 2C44F055226784D4009FB091 /* AboutAuthorViewController.swift */; };
		2C44F05A22679B54009FB091 /* BullsEye.html in Resources */ = {isa = PBXBuildFile; fileRef = 2C44F05922679B54009FB091 /* BullsEye.html */; };
		2C484E882267A3DB005011D0 /* WebKit.framework in Frameworks */ = {isa = PBXBuildFile; fileRef = 2C484E872267A3DB005011D0 /* WebKit.framework */; };
/* End PBXBuildFile section */

/* Begin PBXFileReference section */
		2C026CD5225F947800EA1062 /* BullsEye.app */ = {isa = PBXFileReference; explicitFileType = wrapper.application; includeInIndex = 0; path = BullsEye.app; sourceTree = BUILT_PRODUCTS_DIR; };
		2C026CD8225F947800EA1062 /* AppDelegate.swift */ = {isa = PBXFileReference; lastKnownFileType = sourcecode.swift; path = AppDelegate.swift; sourceTree = "<group>"; };
		2C026CDA225F947800EA1062 /* ViewController.swift */ = {isa = PBXFileReference; lastKnownFileType = sourcecode.swift; path = ViewController.swift; sourceTree = "<group>"; };
		2C026CDD225F947800EA1062 /* Base */ = {isa = PBXFileReference; lastKnownFileType = file.storyboard; name = Base; path = Base.lproj/Main.storyboard; sourceTree = "<group>"; };
		2C026CDF225F947A00EA1062 /* Assets.xcassets */ = {isa = PBXFileReference; lastKnownFileType = folder.assetcatalog; path = Assets.xcassets; sourceTree = "<group>"; };
		2C026CE2225F947A00EA1062 /* Base */ = {isa = PBXFileReference; lastKnownFileType = file.storyboard; name = Base; path = Base.lproj/LaunchScreen.storyboard; sourceTree = "<group>"; };
		2C026CE4225F947A00EA1062 /* Info.plist */ = {isa = PBXFileReference; lastKnownFileType = text.plist.xml; path = Info.plist; sourceTree = "<group>"; };
		2C44F05322678118009FB091 /* AboutViewController.swift */ = {isa = PBXFileReference; lastKnownFileType = sourcecode.swift; path = AboutViewController.swift; sourceTree = "<group>"; };
		2C44F055226784D4009FB091 /* AboutAuthorViewController.swift */ = {isa = PBXFileReference; lastKnownFileType = sourcecode.swift; path = AboutAuthorViewController.swift; sourceTree = "<group>"; };
		2C44F05922679B54009FB091 /* BullsEye.html */ = {isa = PBXFileReference; fileEncoding = 4; lastKnownFileType = text.html; name = BullsEye.html; path = ../../../Downloads/BullsEye.html; sourceTree = "<group>"; };
		2C484E872267A3DB005011D0 /* WebKit.framework */ = {isa = PBXFileReference; lastKnownFileType = wrapper.framework; name = WebKit.framework; path = System/Library/Frameworks/WebKit.framework; sourceTree = SDKROOT; };
/* End PBXFileReference section */

/* Begin PBXFrameworksBuildPhase section */
		2C026CD2225F947800EA1062 /* Frameworks */ = {
			isa = PBXFrameworksBuildPhase;
			buildActionMask = 2147483647;
			files = (
				2C484E882267A3DB005011D0 /* WebKit.framework in Frameworks */,
			);
			runOnlyForDeploymentPostprocessing = 0;
		};
/* End PBXFrameworksBuildPhase section */

/* Begin PBXGroup section */
		2C026CCC225F947800EA1062 = {
			isa = PBXGroup;
			children = (
				2C026CD7225F947800EA1062 /* BullsEye */,
				2C026CD6225F947800EA1062 /* Products */,
				2C484E862267A3DB005011D0 /* Frameworks */,
			);
			sourceTree = "<group>";
		};
		2C026CD6225F947800EA1062 /* Products */ = {
			isa = PBXGroup;
			children = (
				2C026CD5225F947800EA1062 /* BullsEye.app */,
			);
			name = Products;
			sourceTree = "<group>";
		};
		2C026CD7225F947800EA1062 /* BullsEye */ = {
			isa = PBXGroup;
			children = (
				2C026CD8225F947800EA1062 /* AppDelegate.swift */,
				2C026CDA225F947800EA1062 /* ViewController.swift */,
				2C026CDC225F947800EA1062 /* Main.storyboard */,
				2C44F055226784D4009FB091 /* AboutAuthorViewController.swift */,
				2C44F05322678118009FB091 /* AboutViewController.swift */,
				2C026CDF225F947A00EA1062 /* Assets.xcassets */,
				2C026CE1225F947A00EA1062 /* LaunchScreen.storyboard */,
				2C44F05922679B54009FB091 /* BullsEye.html */,
				2C026CE4225F947A00EA1062 /* Info.plist */,
			);
			path = BullsEye;
			sourceTree = "<group>";
		};
		2C484E862267A3DB005011D0 /* Frameworks */ = {
			isa = PBXGroup;
			children = (
				2C484E872267A3DB005011D0 /* WebKit.framework */,
			);
			name = Frameworks;
			sourceTree = "<group>";
		};
/* End PBXGroup section */

/* Begin PBXNativeTarget section */
		2C026CD4225F947800EA1062 /* BullsEye */ = {
			isa = PBXNativeTarget;
			buildConfigurationList = 2C026CE7225F947A00EA1062 /* Build configuration list for PBXNativeTarget "BullsEye" */;
			buildPhases = (
				2C026CD1225F947800EA1062 /* Sources */,
				2C026CD2225F947800EA1062 /* Frameworks */,
				2C026CD3225F947800EA1062 /* Resources */,
			);
			buildRules = (
			);
			dependencies = (
			);
			name = BullsEye;
			productName = BullsEye;
			productReference = 2C026CD5225F947800EA1062 /* BullsEye.app */;
			productType = "com.apple.product-type.application";
		};
/* End PBXNativeTarget section */

/* Begin PBXProject section */
		2C026CCD225F947800EA1062 /* Project object */ = {
			isa = PBXProject;
			attributes = {
				LastSwiftUpdateCheck = 1020;
				LastUpgradeCheck = 1020;
				ORGANIZATIONNAME = EvampSaanga;
				TargetAttributes = {
					2C026CD4225F947800EA1062 = {
						CreatedOnToolsVersion = 10.2;
					};
				};
			};
			buildConfigurationList = 2C026CD0225F947800EA1062 /* Build configuration list for PBXProject "BullsEye" */;
			compatibilityVersion = "Xcode 9.3";
			developmentRegion = en;
			hasScannedForEncodings = 0;
			knownRegions = (
				en,
				Base,
			);
			mainGroup = 2C026CCC225F947800EA1062;
			productRefGroup = 2C026CD6225F947800EA1062 /* Products */;
			projectDirPath = "";
			projectRoot = "";
			targets = (
				2C026CD4225F947800EA1062 /* BullsEye */,
			);
		};
/* End PBXProject section */

/* Begin PBXResourcesBuildPhase section */
		2C026CD3225F947800EA1062 /* Resources */ = {
			isa = PBXResourcesBuildPhase;
			buildActionMask = 2147483647;
			files = (
				2C026CE3225F947A00EA1062 /* LaunchScreen.storyboard in Resources */,
				2C44F05A22679B54009FB091 /* BullsEye.html in Resources */,
				2C026CE0225F947A00EA1062 /* Assets.xcassets in Resources */,
				2C026CDE225F947800EA1062 /* Main.storyboard in Resources */,
			);
			runOnlyForDeploymentPostprocessing = 0;
		};
/* End PBXResourcesBuildPhase section */

/* Begin PBXSourcesBuildPhase section */
		2C026CD1225F947800EA1062 /* Sources */ = {
			isa = PBXSourcesBuildPhase;
			buildActionMask = 2147483647;
			files = (
				2C44F05422678118009FB091 /* AboutViewController.swift in Sources */,
				2C026CDB225F947800EA1062 /* ViewController.swift in Sources */,
				2C026CD9225F947800EA1062 /* AppDelegate.swift in Sources */,
				2C44F056226784D4009FB091 /* AboutAuthorViewController.swift in Sources */,
			);
			runOnlyForDeploymentPostprocessing = 0;
		};
/* End PBXSourcesBuildPhase section */

/* Begin PBXVariantGroup section */
		2C026CDC225F947800EA1062 /* Main.storyboard */ = {
			isa = PBXVariantGroup;
			children = (
				2C026CDD225F947800EA1062 /* Base */,
			);
			name = Main.storyboard;
			sourceTree = "<group>";
		};
		2C026CE1225F947A00EA1062 /* LaunchScreen.storyboard */ = {
			isa = PBXVariantGroup;
			children = (
				2C026CE2225F947A00EA1062 /* Base */,
			);
			name = LaunchScreen.storyboard;
			sourceTree = "<group>";
		};
/* End PBXVariantGroup section */

/* Begin XCBuildConfiguration section */
		2C026CE5225F947A00EA1062 /* Debug */ = {
			isa = XCBuildConfiguration;
			buildSettings = {
				ALWAYS_SEARCH_USER_PATHS = NO;
				CLANG_ANALYZER_NONNULL = YES;
				CLANG_ANALYZER_NUMBER_OBJECT_CONVERSION = YES_AGGRESSIVE;
				CLANG_CXX_LANGUAGE_STANDARD = "gnu++14";
				CLANG_CXX_LIBRARY = "libc++";
				CLANG_ENABLE_MODULES = YES;
				CLANG_ENABLE_OBJC_ARC = YES;
				CLANG_ENABLE_OBJC_WEAK = YES;
				CLANG_WARN_BLOCK_CAPTURE_AUTORELEASING = YES;
				CLANG_WARN_BOOL_CONVERSION = YES;
				CLANG_WARN_COMMA = YES;
				CLANG_WARN_CONSTANT_CONVERSION = YES;
				CLANG_WARN_DEPRECATED_OBJC_IMPLEMENTATIONS = YES;
				CLANG_WARN_DIRECT_OBJC_ISA_USAGE = YES_ERROR;
				CLANG_WARN_DOCUMENTATION_COMMENTS = YES;
				CLANG_WARN_EMPTY_BODY = YES;
				CLANG_WARN_ENUM_CONVERSION = YES;
				CLANG_WARN_INFINITE_RECURSION = YES;
				CLANG_WARN_INT_CONVERSION = YES;
				CLANG_WARN_NON_LITERAL_NULL_CONVERSION = YES;
				CLANG_WARN_OBJC_IMPLICIT_RETAIN_SELF = YES;
				CLANG_WARN_OBJC_LITERAL_CONVERSION = YES;
				CLANG_WARN_OBJC_ROOT_CLASS = YES_ERROR;
				CLANG_WARN_RANGE_LOOP_ANALYSIS = YES;
				CLANG_WARN_STRICT_PROTOTYPES = YES;
				CLANG_WARN_SUSPICIOUS_MOVE = YES;
				CLANG_WARN_UNGUARDED_AVAILABILITY = YES_AGGRESSIVE;
				CLANG_WARN_UNREACHABLE_CODE = YES;
				CLANG_WARN__DUPLICATE_METHOD_MATCH = YES;
				CODE_SIGN_IDENTITY = "iPhone Developer";
				COPY_PHASE_STRIP = NO;
				DEBUG_INFORMATION_FORMAT = dwarf;
				ENABLE_STRICT_OBJC_MSGSEND = YES;
				ENABLE_TESTABILITY = YES;
				GCC_C_LANGUAGE_STANDARD = gnu11;
				GCC_DYNAMIC_NO_PIC = NO;
				GCC_NO_COMMON_BLOCKS = YES;
				GCC_OPTIMIZATION_LEVEL = 0;
				GCC_PREPROCESSOR_DEFINITIONS = (
					"DEBUG=1",
					"$(inherited)",
				);
				GCC_WARN_64_TO_32_BIT_CONVERSION = YES;
				GCC_WARN_ABOUT_RETURN_TYPE = YES_ERROR;
				GCC_WARN_UNDECLARED_SELECTOR = YES;
				GCC_WARN_UNINITIALIZED_AUTOS = YES_AGGRESSIVE;
				GCC_WARN_UNUSED_FUNCTION = YES;
				GCC_WARN_UNUSED_VARIABLE = YES;
				IPHONEOS_DEPLOYMENT_TARGET = 12.2;
				MTL_ENABLE_DEBUG_INFO = INCLUDE_SOURCE;
				MTL_FAST_MATH = YES;
				ONLY_ACTIVE_ARCH = YES;
				SDKROOT = iphoneos;
				SWIFT_ACTIVE_COMPILATION_CONDITIONS = DEBUG;
				SWIFT_OPTIMIZATION_LEVEL = "-Onone";
			};
			name = Debug;
		};
		2C026CE6225F947A00EA1062 /* Release */ = {
			isa = XCBuildConfiguration;
			buildSettings = {
				ALWAYS_SEARCH_USER_PATHS = NO;
				CLANG_ANALYZER_NONNULL = YES;
				CLANG_ANALYZER_NUMBER_OBJECT_CONVERSION = YES_AGGRESSIVE;
				CLANG_CXX_LANGUAGE_STANDARD = "gnu++14";
				CLANG_CXX_LIBRARY = "libc++";
				CLANG_ENABLE_MODULES = YES;
				CLANG_ENABLE_OBJC_ARC = YES;
				CLANG_ENABLE_OBJC_WEAK = YES;
				CLANG_WARN_BLOCK_CAPTURE_AUTORELEASING = YES;
				CLANG_WARN_BOOL_CONVERSION = YES;
				CLANG_WARN_COMMA = YES;
				CLANG_WARN_CONSTANT_CONVERSION = YES;
				CLANG_WARN_DEPRECATED_OBJC_IMPLEMENTATIONS = YES;
				CLANG_WARN_DIRECT_OBJC_ISA_USAGE = YES_ERROR;
				CLANG_WARN_DOCUMENTATION_COMMENTS = YES;
				CLANG_WARN_EMPTY_BODY = YES;
				CLANG_WARN_ENUM_CONVERSION = YES;
				CLANG_WARN_INFINITE_RECURSION = YES;
				CLANG_WARN_INT_CONVERSION = YES;
				CLANG_WARN_NON_LITERAL_NULL_CONVERSION = YES;
				CLANG_WARN_OBJC_IMPLICIT_RETAIN_SELF = YES;
				CLANG_WARN_OBJC_LITERAL_CONVERSION = YES;
				CLANG_WARN_OBJC_ROOT_CLASS = YES_ERROR;
				CLANG_WARN_RANGE_LOOP_ANALYSIS = YES;
				CLANG_WARN_STRICT_PROTOTYPES = YES;
				CLANG_WARN_SUSPICIOUS_MOVE = YES;
				CLANG_WARN_UNGUARDED_AVAILABILITY = YES_AGGRESSIVE;
				CLANG_WARN_UNREACHABLE_CODE = YES;
				CLANG_WARN__DUPLICATE_METHOD_MATCH = YES;
				CODE_SIGN_IDENTITY = "iPhone Developer";
				COPY_PHASE_STRIP = NO;
				DEBUG_INFORMATION_FORMAT = "dwarf-with-dsym";
				ENABLE_NS_ASSERTIONS = NO;
				ENABLE_STRICT_OBJC_MSGSEND = YES;
				GCC_C_LANGUAGE_STANDARD = gnu11;
				GCC_NO_COMMON_BLOCKS = YES;
				GCC_WARN_64_TO_32_BIT_CONVERSION = YES;
				GCC_WARN_ABOUT_RETURN_TYPE = YES_ERROR;
				GCC_WARN_UNDECLARED_SELECTOR = YES;
				GCC_WARN_UNINITIALIZED_AUTOS = YES_AGGRESSIVE;
				GCC_WARN_UNUSED_FUNCTION = YES;
				GCC_WARN_UNUSED_VARIABLE = YES;
				IPHONEOS_DEPLOYMENT_TARGET = 12.2;
				MTL_ENABLE_DEBUG_INFO = NO;
				MTL_FAST_MATH = YES;
				SDKROOT = iphoneos;
				SWIFT_COMPILATION_MODE = wholemodule;
				SWIFT_OPTIMIZATION_LEVEL = "-O";
				VALIDATE_PRODUCT = YES;
			};
			name = Release;
		};
		2C026CE8225F947A00EA1062 /* Debug */ = {
			isa = XCBuildConfiguration;
			buildSettings = {
				ASSETCATALOG_COMPILER_APPICON_NAME = AppIcon;
				CODE_SIGN_STYLE = Automatic;
				INFOPLIST_FILE = BullsEye/Info.plist;
				LD_RUNPATH_SEARCH_PATHS = (
					"$(inherited)",
					"@executable_path/Frameworks",
				);
				PRODUCT_BUNDLE_IDENTIFIER = com.noman.BullsEye;
				PRODUCT_NAME = "$(TARGET_NAME)";
				SWIFT_VERSION = 5.0;
				TARGETED_DEVICE_FAMILY = "1,2";
			};
			name = Debug;
		};
		2C026CE9225F947A00EA1062 /* Release */ = {
			isa = XCBuildConfiguration;
			buildSettings = {
				ASSETCATALOG_COMPILER_APPICON_NAME = AppIcon;
				CODE_SIGN_STYLE = Automatic;
				INFOPLIST_FILE = BullsEye/Info.plist;
				LD_RUNPATH_SEARCH_PATHS = (
					"$(inherited)",
					"@executable_path/Frameworks",
				);
				PRODUCT_BUNDLE_IDENTIFIER = com.noman.BullsEye;
				PRODUCT_NAME = "$(TARGET_NAME)";
				SWIFT_VERSION = 5.0;
				TARGETED_DEVICE_FAMILY = "1,2";
			};
			name = Release;
		};
/* End XCBuildConfiguration section */

/* Begin XCConfigurationList section */
		2C026CD0225F947800EA1062 /* Build configuration list for PBXProject "BullsEye" */ = {
			isa = XCConfigurationList;
			buildConfigurations = (
				2C026CE5225F947A00EA1062 /* Debug */,
				2C026CE6225F947A00EA1062 /* Release */,
			);
			defaultConfigurationIsVisible = 0;
			defaultConfigurationName = Release;
		};
		2C026CE7225F947A00EA1062 /* Build configuration list for PBXNativeTarget "BullsEye" */ = {
			isa = XCConfigurationList;
			buildConfigurations = (
				2C026CE8225F947A00EA1062 /* Debug */,
				2C026CE9225F947A00EA1062 /* Release */,
			);
			defaultConfigurationIsVisible = 0;
			defaultConfigurationName = Release;
		};
/* End XCConfigurationList section */
	};
	rootObject = 2C026CCD225F947800EA1062 /* Project object */;
}
